
Microsoft Visual Studio Solution File, Format Version 12.00
# Visual Studio Version 17
VisualStudioVersion = 17.3.32825.248
MinimumVisualStudioVersion = 10.0.40219.1
Project("{FAE04EC0-301F-11D3-BF4B-00C04F79EFBC}") = "SimUDuckApp", "SimUDuckApp\SimUDuckApp.csproj", "{02BF34E2-428E-4C15-954C-688535F1DC2F}"
EndProject
Global
	GlobalSection(SolutionConfigurationPlatforms) = preSolution
		Debug|Any CPU = Debug|Any CPU
		Release|Any CPU = Release|Any CPU
	EndGlobalSection
	GlobalSection(ProjectConfigurationPlatforms) = postSolution
		{02BF34E2-428E-4C15-954C-688535F1DC2F}.Debug|Any CPU.ActiveCfg = Debug|Any CPU
		{02BF34E2-428E-4C15-954C-688535F1DC2F}.Debug|Any CPU.Build.0 = Debug|Any CPU
		{02BF34E2-428E-4C15-954C-688535F1DC2F}.Release|Any CPU.ActiveCfg = Release|Any CPU
		{02BF34E2-428E-4C15-954C-688535F1DC2F}.Release|Any CPU.Build.0 = Release|Any CPU
	EndGlobalSection
	GlobalSection(SolutionProperties) = preSolution
		HideSolutionNode = FALSE
	EndGlobalSection
	GlobalSection(ExtensibilityGlobals) = postSolution
		SolutionGuid = {B541471F-9622-450F-8EDB-E14C8EB158C7}
	EndGlobalSection
EndGlobal
